github.com/joho/godotenv v1.5.1 h1:7eLL/+HRGLY0ldzfGMeQkb7vMd0as4CfYvUVzLqw0N0=
github.com/joho/godotenv v1.5.1/go.mod h1:f4LDr5Voq0i2e/R5DDNOoa2zzDfwtkZa6DnEwAbqwq4=
github.com/maragudk/gomponents v0.20.2 h1:39FhnBNNCJzqNcD9Hmvp/5xj0otweFoyvVgFG6kXoy0=
github.com/maragudk/gomponents v0.20.2/go.mod h1:nHkNnZL6ODgMBeJhrZjkMHVvNdoYsfmpKB2/hjdQ0Hg=
github.com/maragudk/gomponents-htmx v0.5.0 h1:sWtiRa72YmymgxccjTNZW3h0akKsZvnhYke9RQiS9dk=
github.com/maragudk/gomponents-htmx v0.5.0/go.mod h1:XgI7WE6ECWlyeVQ9Ix3R6aoKS4HtCSYtuQ4iH27GVDE=
github.com/willoma/bulma-gomponents v0.11.1 h1:l5lPRGgxkv0SCMle5SNaF7YsVODoud9hXLGsyFo9IRc=
github.com/willoma/bulma-gomponents v0.11.1/go.mod h1:1hkVH4/pPHtlPH5aIkS1pHMaerOV3SI1SDe8QXShHqA=
github.com/willoma/gomplements v0.6.1 h1:JtOVIHFnMXqloflQHafVmsvtqlpf5b+d0Uj18KqrP1k=
github.com/willoma/gomplements v0.6.1/go.mod h1:G/9prZq6jA7EZwIu0AF27HtULgAbUbOVp9oRhsunpkg=
